
Microsoft Visual Studio Solution File, Format Version 12.00
# Visual Studio Version 17
VisualStudioVersion = 17.13.35806.99 d17.13
MinimumVisualStudioVersion = 10.0.40219.1
Project("{FAE04EC0-301F-11D3-BF4B-00C04F79EFBC}") = "BaseDatos_PRACTICA2", "BaseDatos_PRACTICA2\BaseDatos_PRACTICA2.csproj", "{75F90AB1-4BB2-44AD-BC4C-B591150546FE}"
EndProject
Global
	GlobalSection(SolutionConfigurationPlatforms) = preSolution
		Debug|Any CPU = Debug|Any CPU
		Release|Any CPU = Release|Any CPU
	EndGlobalSection
	GlobalSection(ProjectConfigurationPlatforms) = postSolution
		{75F90AB1-4BB2-44AD-BC4C-B591150546FE}.Debug|Any CPU.ActiveCfg = Debug|Any CPU
		{75F90AB1-4BB2-44AD-BC4C-B591150546FE}.Debug|Any CPU.Build.0 = Debug|Any CPU
		{75F90AB1-4BB2-44AD-BC4C-B591150546FE}.Release|Any CPU.ActiveCfg = Release|Any CPU
		{75F90AB1-4BB2-44AD-BC4C-B591150546FE}.Release|Any CPU.Build.0 = Release|Any CPU
	EndGlobalSection
	GlobalSection(SolutionProperties) = preSolution
		HideSolutionNode = FALSE
	EndGlobalSection
	GlobalSection(ExtensibilityGlobals) = postSolution
		SolutionGuid = {4BC2AD72-6758-44AB-B8C7-1E975BF684BD}
	EndGlobalSection
EndGlobal
